hash: 0f8cf5d8d9156bceeeb3673342d4150e74428e71b8034298d121e1da36425dc5
updated: 2018-01-05T13:58:56.546687724+01:00
imports:
- name: github.com/anaskhan96/soup
  version: 7a8d31f81bad1a5abeed0d0219c35e5e295a5a76
- name: github.com/go-telegram-bot-api/telegram-bot-api
  version: 2022d04b94f50056a09962b1ac81cdd821d20a55
- name: github.com/technoweenie/multipartstreamer
  version: a90a01d73ae432e2611d178c18367fbaa13e0154
- name: golang.org/x/net
  version: 4971afdc2f162e82d185353533d3cf16188a9f4e
  subpackages:
  - html
  - html/atom
testImports: []
